
Microsoft Visual Studio Solution File, Format Version 12.00
# Visual Studio Version 16
VisualStudioVersion = 16.0.31911.196
MinimumVisualStudioVersion = 10.0.40219.1
Project("{FAE04EC0-301F-11D3-BF4B-00C04F79EFBC}") = "wfa_MDD_TP3", "wfa_MDD_TP3\wfa_MDD_TP3.csproj", "{5BC3CC2A-3087-4B60-A4BD-E043E93E2B1B}"
EndProject
Global
	GlobalSection(SolutionConfigurationPlatforms) = preSolution
		Debug|Any CPU = Debug|Any CPU
		Release|Any CPU = Release|Any CPU
	EndGlobalSection
	GlobalSection(ProjectConfigurationPlatforms) = postSolution
		{5BC3CC2A-3087-4B60-A4BD-E043E93E2B1B}.Debug|Any CPU.ActiveCfg = Debug|Any CPU
		{5BC3CC2A-3087-4B60-A4BD-E043E93E2B1B}.Debug|Any CPU.Build.0 = Debug|Any CPU
		{5BC3CC2A-3087-4B60-A4BD-E043E93E2B1B}.Release|Any CPU.ActiveCfg = Release|Any CPU
		{5BC3CC2A-3087-4B60-A4BD-E043E93E2B1B}.Release|Any CPU.Build.0 = Release|Any CPU
	EndGlobalSection
	GlobalSection(SolutionProperties) = preSolution
		HideSolutionNode = FALSE
	EndGlobalSection
	GlobalSection(ExtensibilityGlobals) = postSolution
		SolutionGuid = {A6346024-8C0D-40A4-8E1F-BAEA5A6D004F}
	EndGlobalSection
EndGlobal
